{
  "version": 4,
  "terraform_version": "1.3.2",
  "serial": 13,
  "lineage": "b2fcc3ea-2beb-8d10-73ec-bbc3f0196642",
  "outputs": {},
  "resources": [
    {
      "mode": "data",
      "type": "azurerm_subnet",
      "name": "subnet1",
      "provider": "provider[\"registry.terraform.io/hashicorp/azurerm\"]",
      "instances": [
        {
          "index_key": 0,
          "schema_version": 0,
          "attributes": {
            "address_prefix": "10.0.3.16/28",
            "enforce_private_link_endpoint_network_policies": true,
            "enforce_private_link_service_network_policies": false,
            "id": "/subscriptions/01e06af6-c5c4-4bfb-a576-0de7ece37662/resourceGroups/testvpnrg/providers/Microsoft.Network/virtualNetworks/base_vnet/subnets/GatewaySubnet",
            "name": "GatewaySubnet",
            "network_security_group_id": "",
            "resource_group_name": "testvpnrg",
            "route_table_id": "",
            "service_endpoints": [],
            "timeouts": null,
            "virtual_network_name": "base_vnet"
          },
          "sensitive_attributes": []
        }
      ]
    },
    {
      "mode": "managed",
      "type": "azurerm_local_network_gateway",
      "name": "madcaplaughs",
      "provider": "provider[\"registry.terraform.io/hashicorp/azurerm\"]",
      "instances": [
        {
          "schema_version": 0,
          "attributes": {
            "address_space": [
              "192.168.0.0/24"
            ],
            "bgp_settings": [],
            "gateway_address": "90.220.50.60",
            "id": "/subscriptions/01e06af6-c5c4-4bfb-a576-0de7ece37662/resourceGroups/testvpnrg/providers/Microsoft.Network/localNetworkGateways/peer_vpn_gateway",
            "location": "uksouth",
            "name": "peer_vpn_gateway",
            "resource_group_name": "testvpnrg",
            "tags": {},
            "timeouts": null
          },
          "sensitive_attributes": [],
          "private": "eyJlMmJmYjczMC1lY2FhLTExZTYtOGY4OC0zNDM2M2JjN2M0YzAiOnsiY3JlYXRlIjoxODAwMDAwMDAwMDAwLCJkZWxldGUiOjE4MDAwMDAwMDAwMDAsInJlYWQiOjMwMDAwMDAwMDAwMCwidXBkYXRlIjoxODAwMDAwMDAwMDAwfX0="
        }
      ]
    },
    {
      "mode": "managed",
      "type": "azurerm_public_ip",
      "name": "tinfoilvpn",
      "provider": "provider[\"registry.terraform.io/hashicorp/azurerm\"]",
      "instances": [
        {
          "schema_version": 0,
          "attributes": {
            "allocation_method": "Dynamic",
            "domain_name_label": null,
            "fqdn": null,
            "id": "/subscriptions/01e06af6-c5c4-4bfb-a576-0de7ece37662/resourceGroups/testvpnrg/providers/Microsoft.Network/publicIPAddresses/vpn_public_ip",
            "idle_timeout_in_minutes": 4,
            "ip_address": "20.0.41.249",
            "ip_version": "IPv4",
            "location": "uksouth",
            "name": "vpn_public_ip",
            "public_ip_prefix_id": null,
            "resource_group_name": "testvpnrg",
            "reverse_fqdn": null,
            "sku": "Basic",
            "tags": {},
            "timeouts": null,
            "zones": []
          },
          "sensitive_attributes": [],
          "private": "eyJlMmJmYjczMC1lY2FhLTExZTYtOGY4OC0zNDM2M2JjN2M0YzAiOnsiY3JlYXRlIjoxODAwMDAwMDAwMDAwLCJkZWxldGUiOjE4MDAwMDAwMDAwMDAsInJlYWQiOjMwMDAwMDAwMDAwMCwidXBkYXRlIjoxODAwMDAwMDAwMDAwfX0="
        }
      ]
    },
    {
      "mode": "managed",
      "type": "azurerm_virtual_network_gateway",
      "name": "tinfoilvpn",
      "provider": "provider[\"registry.terraform.io/hashicorp/azurerm\"]",
      "instances": [
        {
          "schema_version": 0,
          "attributes": {
            "active_active": false,
            "bgp_settings": [
              {
                "asn": 65515,
                "peer_weight": 0,
                "peering_address": "10.0.3.30"
              }
            ],
            "default_local_network_gateway_id": null,
            "enable_bgp": false,
            "generation": "Generation1",
            "id": "/subscriptions/01e06af6-c5c4-4bfb-a576-0de7ece37662/resourceGroups/testvpnrg/providers/Microsoft.Network/virtualNetworkGateways/vpn_gateway",
            "ip_configuration": [
              {
                "name": "vnetGatewayConfig",
                "private_ip_address_allocation": "Dynamic",
                "public_ip_address_id": "/subscriptions/01e06af6-c5c4-4bfb-a576-0de7ece37662/resourceGroups/testvpnrg/providers/Microsoft.Network/publicIPAddresses/vpn_public_ip",
                "subnet_id": "/subscriptions/01e06af6-c5c4-4bfb-a576-0de7ece37662/resourceGroups/testvpnrg/providers/Microsoft.Network/virtualNetworks/base_vnet/subnets/GatewaySubnet"
              }
            ],
            "location": "uksouth",
            "name": "vpn_gateway",
            "resource_group_name": "testvpnrg",
            "sku": "Basic",
            "tags": {},
            "timeouts": null,
            "type": "Vpn",
            "vpn_client_configuration": [],
            "vpn_type": "RouteBased"
          },
          "sensitive_attributes": [],
          "private": "eyJlMmJmYjczMC1lY2FhLTExZTYtOGY4OC0zNDM2M2JjN2M0YzAiOnsiY3JlYXRlIjozNjAwMDAwMDAwMDAwLCJkZWxldGUiOjM2MDAwMDAwMDAwMDAsInJlYWQiOjMwMDAwMDAwMDAwMCwidXBkYXRlIjozNjAwMDAwMDAwMDAwfX0=",
          "dependencies": [
            "azurerm_public_ip.tinfoilvpn",
            "data.azurerm_subnet.subnet1"
          ]
        }
      ]
    },
    {
      "mode": "managed",
      "type": "azurerm_virtual_network_gateway_connection",
      "name": "tinfoilvpn",
      "provider": "provider[\"registry.terraform.io/hashicorp/azurerm\"]",
      "instances": [
        {
          "schema_version": 0,
          "attributes": {
            "authorization_key": null,
            "connection_protocol": "IKEv2",
            "enable_bgp": false,
            "express_route_circuit_id": null,
            "express_route_gateway_bypass": false,
            "id": "/subscriptions/01e06af6-c5c4-4bfb-a576-0de7ece37662/resourceGroups/testvpnrg/providers/Microsoft.Network/connections/azure_to_ground_vpn_connection",
            "ipsec_policy": [],
            "local_network_gateway_id": "/subscriptions/01e06af6-c5c4-4bfb-a576-0de7ece37662/resourceGroups/testvpnrg/providers/Microsoft.Network/localNetworkGateways/peer_vpn_gateway",
            "location": "uksouth",
            "name": "azure_to_ground_vpn_connection",
            "peer_virtual_network_gateway_id": null,
            "resource_group_name": "testvpnrg",
            "routing_weight": 0,
            "shared_key": "Dominos123",
            "tags": {},
            "timeouts": null,
            "type": "IPsec",
            "use_policy_based_traffic_selectors": false,
            "virtual_network_gateway_id": "/subscriptions/01e06af6-c5c4-4bfb-a576-0de7ece37662/resourceGroups/testvpnrg/providers/Microsoft.Network/virtualNetworkGateways/vpn_gateway"
          },
          "sensitive_attributes": [],
          "private": "eyJlMmJmYjczMC1lY2FhLTExZTYtOGY4OC0zNDM2M2JjN2M0YzAiOnsiY3JlYXRlIjoxODAwMDAwMDAwMDAwLCJkZWxldGUiOjE4MDAwMDAwMDAwMDAsInJlYWQiOjMwMDAwMDAwMDAwMCwidXBkYXRlIjoxODAwMDAwMDAwMDAwfX0=",
          "dependencies": [
            "azurerm_local_network_gateway.madcaplaughs",
            "azurerm_public_ip.tinfoilvpn",
            "azurerm_virtual_network_gateway.tinfoilvpn",
            "data.azurerm_subnet.subnet1"
          ]
        }
      ]
    }
  ],
  "check_results": []
}
